
Microsoft Visual Studio Solution File, Format Version 12.00
# Visual Studio 2013
VisualStudioVersion = 12.0.21005.1
MinimumVisualStudioVersion = 10.0.40219.1
Project("{2150E333-8FDC-42A3-9474-1A3956D46DE8}") = "Wiki", "Wiki", "{0332CD05-3FFC-4ADF-8AEA-ECB2BC3A888D}"
	ProjectSection(SolutionItems) = preProject
		Readme.md = Readme.md
	EndProjectSection
EndProject
Project("{FAE04EC0-301F-11D3-BF4B-00C04F79EFBC}") = "Web.Api", "Web.Api\Web.Api.csproj", "{4B6BF1CC-D1D9-431E-AB83-704C6B5196D6}"
EndProject
Project("{FAE04EC0-301F-11D3-BF4B-00C04F79EFBC}") = "Web.Api.Sdk.Tests", "Web.Api.Sdk.Tests\Web.Api.Sdk.Tests.csproj", "{012137CC-83D2-41F5-A3EF-9154F35ED415}"
EndProject
Project("{FAE04EC0-301F-11D3-BF4B-00C04F79EFBC}") = "Db", "Db\Db.csproj", "{B156F2F9-5528-4F41-BE47-8DB44FC01823}"
EndProject
Project("{FAE04EC0-301F-11D3-BF4B-00C04F79EFBC}") = "Db.Model", "Db.Model\Db.Model.csproj", "{4E6C1A8D-BC21-42FB-98A2-D88E3AB3961F}"
EndProject
Project("{FAE04EC0-301F-11D3-BF4B-00C04F79EFBC}") = "Web.Api.Sdk", "Web.Api.Sdk\Web.Api.Sdk.csproj", "{C185C049-CF3C-4271-BDCD-5F44186BB11A}"
EndProject
Global
	GlobalSection(SolutionConfigurationPlatforms) = preSolution
		Debug|Any CPU = Debug|Any CPU
		Release|Any CPU = Release|Any CPU
	EndGlobalSection
	GlobalSection(ProjectConfigurationPlatforms) = postSolution
		{4B6BF1CC-D1D9-431E-AB83-704C6B5196D6}.Debug|Any CPU.ActiveCfg = Debug|Any CPU
		{4B6BF1CC-D1D9-431E-AB83-704C6B5196D6}.Debug|Any CPU.Build.0 = Debug|Any CPU
		{4B6BF1CC-D1D9-431E-AB83-704C6B5196D6}.Release|Any CPU.ActiveCfg = Release|Any CPU
		{4B6BF1CC-D1D9-431E-AB83-704C6B5196D6}.Release|Any CPU.Build.0 = Release|Any CPU
		{012137CC-83D2-41F5-A3EF-9154F35ED415}.Debug|Any CPU.ActiveCfg = Debug|Any CPU
		{012137CC-83D2-41F5-A3EF-9154F35ED415}.Debug|Any CPU.Build.0 = Debug|Any CPU
		{012137CC-83D2-41F5-A3EF-9154F35ED415}.Release|Any CPU.ActiveCfg = Release|Any CPU
		{012137CC-83D2-41F5-A3EF-9154F35ED415}.Release|Any CPU.Build.0 = Release|Any CPU
		{B156F2F9-5528-4F41-BE47-8DB44FC01823}.Debug|Any CPU.ActiveCfg = Debug|Any CPU
		{B156F2F9-5528-4F41-BE47-8DB44FC01823}.Debug|Any CPU.Build.0 = Debug|Any CPU
		{B156F2F9-5528-4F41-BE47-8DB44FC01823}.Release|Any CPU.ActiveCfg = Release|Any CPU
		{B156F2F9-5528-4F41-BE47-8DB44FC01823}.Release|Any CPU.Build.0 = Release|Any CPU
		{4E6C1A8D-BC21-42FB-98A2-D88E3AB3961F}.Debug|Any CPU.ActiveCfg = Debug|Any CPU
		{4E6C1A8D-BC21-42FB-98A2-D88E3AB3961F}.Debug|Any CPU.Build.0 = Debug|Any CPU
		{4E6C1A8D-BC21-42FB-98A2-D88E3AB3961F}.Release|Any CPU.ActiveCfg = Release|Any CPU
		{4E6C1A8D-BC21-42FB-98A2-D88E3AB3961F}.Release|Any CPU.Build.0 = Release|Any CPU
		{C185C049-CF3C-4271-BDCD-5F44186BB11A}.Debug|Any CPU.ActiveCfg = Debug|Any CPU
		{C185C049-CF3C-4271-BDCD-5F44186BB11A}.Debug|Any CPU.Build.0 = Debug|Any CPU
		{C185C049-CF3C-4271-BDCD-5F44186BB11A}.Release|Any CPU.ActiveCfg = Release|Any CPU
		{C185C049-CF3C-4271-BDCD-5F44186BB11A}.Release|Any CPU.Build.0 = Release|Any CPU
	EndGlobalSection
	GlobalSection(SolutionProperties) = preSolution
		HideSolutionNode = FALSE
	EndGlobalSection
	GlobalSection(CodealikeProperties) = postSolution
		SolutionGuid = 28672f4c-35bb-46c8-8ccd-7061c59492f0
	EndGlobalSection
EndGlobal
