
Microsoft Visual Studio Solution File, Format Version 12.00
# Visual Studio 2013
VisualStudioVersion = 12.0.21005.1
MinimumVisualStudioVersion = 10.0.40219.1
Project("{FAE04EC0-301F-11D3-BF4B-00C04F79EFBC}") = "Web.Api", "Web.Api\Web.Api.csproj", "{AB317763-7606-4211-B559-DF6FBF58DA07}"
EndProject
Project("{FAE04EC0-301F-11D3-BF4B-00C04F79EFBC}") = "Web.Api.Test", "Web.Api.Test\Web.Api.Test.csproj", "{63859AC6-E508-4A10-B563-4E0488AE010F}"
EndProject
Project("{2150E333-8FDC-42A3-9474-1A3956D46DE8}") = "Wiki", "Wiki", "{296FBF3C-03E8-4D3C-A72C-36C7A2E9C6AF}"
	ProjectSection(SolutionItems) = preProject
		E:\Work Stations\Online Repos\gitHub\WebApiTest\WebApiTest_RouteAttribute\Readme.md = E:\Work Stations\Online Repos\gitHub\WebApiTest\WebApiTest_RouteAttribute\Readme.md
	EndProjectSection
EndProject
Project("{FAE04EC0-301F-11D3-BF4B-00C04F79EFBC}") = "Db", "Db\Db.csproj", "{396E521E-EDEC-430B-BE97-FA96C7FC58E0}"
EndProject
Global
	GlobalSection(SolutionConfigurationPlatforms) = preSolution
		Debug|Any CPU = Debug|Any CPU
		Release|Any CPU = Release|Any CPU
	EndGlobalSection
	GlobalSection(ProjectConfigurationPlatforms) = postSolution
		{AB317763-7606-4211-B559-DF6FBF58DA07}.Debug|Any CPU.ActiveCfg = Debug|Any CPU
		{AB317763-7606-4211-B559-DF6FBF58DA07}.Debug|Any CPU.Build.0 = Debug|Any CPU
		{AB317763-7606-4211-B559-DF6FBF58DA07}.Release|Any CPU.ActiveCfg = Release|Any CPU
		{AB317763-7606-4211-B559-DF6FBF58DA07}.Release|Any CPU.Build.0 = Release|Any CPU
		{63859AC6-E508-4A10-B563-4E0488AE010F}.Debug|Any CPU.ActiveCfg = Debug|Any CPU
		{63859AC6-E508-4A10-B563-4E0488AE010F}.Debug|Any CPU.Build.0 = Debug|Any CPU
		{63859AC6-E508-4A10-B563-4E0488AE010F}.Release|Any CPU.ActiveCfg = Release|Any CPU
		{63859AC6-E508-4A10-B563-4E0488AE010F}.Release|Any CPU.Build.0 = Release|Any CPU
		{396E521E-EDEC-430B-BE97-FA96C7FC58E0}.Debug|Any CPU.ActiveCfg = Debug|Any CPU
		{396E521E-EDEC-430B-BE97-FA96C7FC58E0}.Debug|Any CPU.Build.0 = Debug|Any CPU
		{396E521E-EDEC-430B-BE97-FA96C7FC58E0}.Release|Any CPU.ActiveCfg = Release|Any CPU
		{396E521E-EDEC-430B-BE97-FA96C7FC58E0}.Release|Any CPU.Build.0 = Release|Any CPU
	EndGlobalSection
	GlobalSection(SolutionProperties) = preSolution
		HideSolutionNode = FALSE
	EndGlobalSection
	GlobalSection(CodealikeProperties) = postSolution
		SolutionGuid = 32903026-6b91-4da2-809e-4f3a9122f7a9
	EndGlobalSection
EndGlobal
